
Microsoft Visual Studio Solution File, Format Version 12.00
# Visual Studio Version 16
VisualStudioVersion = 16.0.32228.343
MinimumVisualStudioVersion = 10.0.40219.1
Project("{FAE04EC0-301F-11D3-BF4B-00C04F79EFBC}") = "AI lab 4", "AI lab 4\AI lab 4.csproj", "{91982EC2-8A66-4388-823A-2ED63C095000}"
EndProject
Global
	GlobalSection(SolutionConfigurationPlatforms) = preSolution
		Debug|Any CPU = Debug|Any CPU
		Release|Any CPU = Release|Any CPU
	EndGlobalSection
	GlobalSection(ProjectConfigurationPlatforms) = postSolution
		{91982EC2-8A66-4388-823A-2ED63C095000}.Debug|Any CPU.ActiveCfg = Debug|Any CPU
		{91982EC2-8A66-4388-823A-2ED63C095000}.Debug|Any CPU.Build.0 = Debug|Any CPU
		{91982EC2-8A66-4388-823A-2ED63C095000}.Release|Any CPU.ActiveCfg = Release|Any CPU
		{91982EC2-8A66-4388-823A-2ED63C095000}.Release|Any CPU.Build.0 = Release|Any CPU
	EndGlobalSection
	GlobalSection(SolutionProperties) = preSolution
		HideSolutionNode = FALSE
	EndGlobalSection
	GlobalSection(ExtensibilityGlobals) = postSolution
		SolutionGuid = {82B7C8C9-F774-4A79-ADE2-1395890430CD}
	EndGlobalSection
EndGlobal
