
Microsoft Visual Studio Solution File, Format Version 12.00
# Visual Studio Version 16
VisualStudioVersion = 16.0.32228.343
MinimumVisualStudioVersion = 10.0.40219.1
Project("{FAE04EC0-301F-11D3-BF4B-00C04F79EFBC}") = "AI lab 2", "AI lab 2\AI lab 2.csproj", "{F475281A-51AA-405C-A5F1-9EBC61AE3B15}"
EndProject
Global
	GlobalSection(SolutionConfigurationPlatforms) = preSolution
		Debug|Any CPU = Debug|Any CPU
		Release|Any CPU = Release|Any CPU
	EndGlobalSection
	GlobalSection(ProjectConfigurationPlatforms) = postSolution
		{F475281A-51AA-405C-A5F1-9EBC61AE3B15}.Debug|Any CPU.ActiveCfg = Debug|Any CPU
		{F475281A-51AA-405C-A5F1-9EBC61AE3B15}.Debug|Any CPU.Build.0 = Debug|Any CPU
		{F475281A-51AA-405C-A5F1-9EBC61AE3B15}.Release|Any CPU.ActiveCfg = Release|Any CPU
		{F475281A-51AA-405C-A5F1-9EBC61AE3B15}.Release|Any CPU.Build.0 = Release|Any CPU
	EndGlobalSection
	GlobalSection(SolutionProperties) = preSolution
		HideSolutionNode = FALSE
	EndGlobalSection
	GlobalSection(ExtensibilityGlobals) = postSolution
		SolutionGuid = {760BB432-68C9-4191-8C2B-48F82513492B}
	EndGlobalSection
EndGlobal
